version = 1
requires-python = ">=3.10"

[[package]]
name = "cython"
version = "3.0.12"
source = { registry = "https://pypi.org/simple" }
sdist = { url = "https://files.pythonhosted.org/packages/5a/25/886e197c97a4b8e254173002cdc141441e878ff29aaa7d9ba560cd6e4866/cython-3.0.12.tar.gz", hash = "sha256:b988bb297ce76c671e28c97d017b95411010f7c77fa6623dd0bb47eed1aee1bc", size = 2757617 }
wheels = [
    { url = "https://files.pythonhosted.org/packages/52/78/3bcb8ee7b6f5956dbd6bebf85818e075d863419db3661f25189c64cd6c70/Cython-3.0.12-cp310-cp310-macosx_10_9_x86_64.whl", hash = "sha256:ba67eee9413b66dd9fbacd33f0bc2e028a2a120991d77b5fd4b19d0b1e4039b9", size = 3271523 },
    { url = "https://files.pythonhosted.org/packages/dc/21/5b700dac60cc7af4261c7fa2e91f55fe5f38f6c183e1201ced7cc932201b/Cython-3.0.12-cp310-cp310-manylinux_2_17_x86_64.manylinux2014_x86_64.whl", hash = "sha256:bee2717e5b5f7d966d0c6e27d2efe3698c357aa4d61bb3201997c7a4f9fe485a", size = 3630244 },
    { url = "https://files.pythonhosted.org/packages/a3/db/a42b8905bde467599927765ba12147f9d6ae3cd10fb33c4cda02011d7be0/Cython-3.0.12-cp310-cp310-manylinux_2_5_i686.manylinux1_i686.manylinux_2_17_i686.manylinux2014_i686.whl", hash = "sha256:7cffc3464f641c8d0dda942c7c53015291beea11ec4d32421bed2f13b386b819", size = 3685089 },
    { url = "https://files.pythonhosted.org/packages/1a/0f/64be4bbdf26679f44fe96e19078c4382800eb8ba9b265373cae73ac94493/Cython-3.0.12-cp310-cp310-musllinux_1_2_aarch64.whl", hash = "sha256:d3a8f81980ffbd74e52f9186d8f1654e347d0c44bfea6b5997028977f481a179", size = 3501991 },
    { url = "https://files.pythonhosted.org/packages/d4/7d/e2a48882a4cbb16f0dfbc406879b2a1ea6b5d27c7cbef080e8eb8234a96c/Cython-3.0.12-cp310-cp310-musllinux_1_2_x86_64.whl", hash = "sha256:8d32856716c369d01f2385ad9177cdd1a11079ac89ea0932dc4882de1aa19174", size = 3713604 },
    { url = "https://files.pythonhosted.org/packages/3b/df/ca69aab33ffd2a184269335f6240b042c21d41dad335d4abb4ead9f22687/Cython-3.0.12-cp310-cp310-win32.whl", hash = "sha256:712c3f31adec140dc60d064a7f84741f50e2c25a8edd7ae746d5eb4d3ef7072a", size = 2578290 },
    { url = "https://files.pythonhosted.org/packages/1f/4c/4f79129407a1e0d540c961835960d811356aa3a666f621aa07cd7a979b0a/Cython-3.0.12-cp310-cp310-win_amd64.whl", hash = "sha256:d6945694c5b9170cfbd5f2c0d00ef7487a2de7aba83713a64ee4ebce7fad9e05", size = 2778456 },
    { url = "https://files.pythonhosted.org/packages/7e/60/3d27abd940f7b80a6aeb69dc093a892f04828e1dd0b243dd81ff87d7b0e9/Cython-3.0.12-cp311-cp311-macosx_10_9_x86_64.whl", hash = "sha256:feb86122a823937cc06e4c029d80ff69f082ebb0b959ab52a5af6cdd271c5dc3", size = 3277430 },
    { url = "https://files.pythonhosted.org/packages/c7/49/f17b0541b317d11f1d021a580643ee2481685157cded92efb32e2fb4daef/Cython-3.0.12-cp311-cp311-manylinux_2_17_aarch64.manylinux2014_aarch64.whl", hash = "sha256:dfdbea486e702c328338314adb8e80f5f9741f06a0ae83aaec7463bc166d12e8", size = 3444055 },
    { url = "https://files.pythonhosted.org/packages/6b/7f/c57791ba6a1c934b6f1ab51371e894e3b4bfde0bc35e50046c8754a9d215/Cython-3.0.12-cp311-cp311-manylinux_2_17_x86_64.manylinux2014_x86_64.whl", hash = "sha256:563de1728c8e48869d2380a1b76bbc1b1b1d01aba948480d68c1d05e52d20c92", size = 3597874 },
    { url = "https://files.pythonhosted.org/packages/23/24/803a0db3681b3a2ef65a4bebab201e5ae4aef5e6127ae03683476a573aa9/Cython-3.0.12-cp311-cp311-manylinux_2_5_i686.manylinux1_i686.manylinux_2_17_i686.manylinux2014_i686.whl", hash = "sha256:398d4576c1e1f6316282aa0b4a55139254fbed965cba7813e6d9900d3092b128", size = 3644129 },
    { url = "https://files.pythonhosted.org/packages/27/13/9b53ba8336e083ece441af8d6d182b8ca83ad523e87c07b3190af379ebc3/Cython-3.0.12-cp311-cp311-musllinux_1_2_aarch64.whl", hash = "sha256:1e5eadef80143026944ea8f9904715a008f5108d1d644a89f63094cc37351e73", size = 3504936 },
    { url = "https://files.pythonhosted.org/packages/a9/d2/d11104be6992a9fe256860cae6d1a79f7dcf3bdb12ae00116fac591f677d/Cython-3.0.12-cp311-cp311-musllinux_1_2_x86_64.whl", hash = "sha256:5a93cbda00a5451175b97dea5a9440a3fcee9e54b4cba7a7dbcba9a764b22aec", size = 3713066 },
    { url = "https://files.pythonhosted.org/packages/d9/8c/1fe49135296efa3f460c760a4297f6a5b387f3e69ac5c9dcdbd620295ab3/Cython-3.0.12-cp311-cp311-win32.whl", hash = "sha256:3109e1d44425a2639e9a677b66cd7711721a5b606b65867cb2d8ef7a97e2237b", size = 2579935 },
    { url = "https://files.pythonhosted.org/packages/02/4e/5ac0b5b9a239cd3fdae187dda8ff06b0b812f671e2501bf253712278f0ac/Cython-3.0.12-cp311-cp311-win_amd64.whl", hash = "sha256:d4b70fc339adba1e2111b074ee6119fe9fd6072c957d8597bce9a0dd1c3c6784", size = 2787337 },
    { url = "https://files.pythonhosted.org/packages/e6/6c/3be501a6520a93449b1e7e6f63e598ec56f3b5d1bc7ad14167c72a22ddf7/Cython-3.0.12-cp312-cp312-macosx_10_9_x86_64.whl", hash = "sha256:fe030d4a00afb2844f5f70896b7f2a1a0d7da09bf3aa3d884cbe5f73fff5d310", size = 3311717 },
    { url = "https://files.pythonhosted.org/packages/ee/ab/adfeb22c85491de18ae10932165edd5b6f01e4c5e3e363638759d1235015/Cython-3.0.12-cp312-cp312-manylinux_2_17_aarch64.manylinux2014_aarch64.whl", hash = "sha256:a7fec4f052b8fe173fe70eae75091389955b9a23d5cec3d576d21c5913b49d47", size = 3344337 },
    { url = "https://files.pythonhosted.org/packages/0d/72/743730d7c46b4c85abefb93187cbbcb7aae8de288d7722b990db3d13499e/Cython-3.0.12-cp312-cp312-manylinux_2_17_x86_64.manylinux2014_x86_64.whl", hash = "sha256:0faa5e39e5c8cdf6f9c3b1c3f24972826e45911e7f5b99cf99453fca5432f45e", size = 3517692 },
    { url = "https://files.pythonhosted.org/packages/09/a1/29a4759a02661f8c8e6b703f62bfbc8285337e6918cc90f55dc0fadb5eb3/Cython-3.0.12-cp312-cp312-manylinux_2_5_i686.manylinux1_i686.manylinux_2_17_i686.manylinux2014_i686.whl", hash = "sha256:2d53de996ed340e9ab0fc85a88aaa8932f2591a2746e1ab1c06e262bd4ec4be7", size = 3577057 },
    { url = "https://files.pythonhosted.org/packages/d6/f8/03d74e98901a7cc2f21f95231b07dd54ec2f69477319bac268b3816fc3a8/Cython-3.0.12-cp312-cp312-musllinux_1_2_aarch64.whl", hash = "sha256:ea3a0e19ab77266c738aa110684a753a04da4e709472cadeff487133354d6ab8", size = 3396493 },
    { url = "https://files.pythonhosted.org/packages/50/ea/ac33c5f54f980dbc23dd8f1d5c51afeef26e15ac1a66388e4b8195af83b7/Cython-3.0.12-cp312-cp312-musllinux_1_2_x86_64.whl", hash = "sha256:c151082884be468f2f405645858a857298ac7f7592729e5b54788b5c572717ba", size = 3603859 },
    { url = "https://files.pythonhosted.org/packages/a2/4e/91fc1d6b5e678dcf2d1ecd8dce45b014b4b60d2044d376355c605831c873/Cython-3.0.12-cp312-cp312-win32.whl", hash = "sha256:3083465749911ac3b2ce001b6bf17f404ac9dd35d8b08469d19dc7e717f5877a", size = 2610428 },
    { url = "https://files.pythonhosted.org/packages/ff/c3/a7fdec227b9f0bb07edbeb016c7b18ed6a8e6ce884d08b2e397cda2c0168/Cython-3.0.12-cp312-cp312-win_amd64.whl", hash = "sha256:c0b91c7ebace030dd558ea28730de8c580680b50768e5af66db2904a3716c3e3", size = 2794755 },
    { url = "https://files.pythonhosted.org/packages/67/ad/550ddcb8b5a5d9949fe6606595cce36984c1d42309f1e04af98f5933a7ea/Cython-3.0.12-cp313-cp313-macosx_10_13_x86_64.whl", hash = "sha256:4ee6f1ea1bead8e6cbc4e64571505b5d8dbdb3b58e679d31f3a84160cebf1a1a", size = 3393574 },
    { url = "https://files.pythonhosted.org/packages/34/de/ade0a80bea17197662e23d39d3d3fbf89e9e99e6ad91fd95ab87120edb3a/Cython-3.0.12-cp313-cp313-manylinux_2_17_aarch64.manylinux2014_aarch64.whl", hash = "sha256:57aefa6d3341109e46ec1a13e3a763aaa2cbeb14e82af2485b318194be1d9170", size = 3367198 },
    { url = "https://files.pythonhosted.org/packages/a8/30/7f48207ea13dab46604db0dd388e807d53513ba6ad1c34462892072f8f8c/Cython-3.0.12-cp313-cp313-manylinux_2_17_x86_64.manylinux2014_x86_64.whl", hash = "sha256:879ae9023958d63c0675015369384642d0afb9c9d1f3473df9186c42f7a9d265", size = 3535849 },
    { url = "https://files.pythonhosted.org/packages/81/ab/f61c79fa14bd433a7dfd1548c5e00d9bd18b557c2f836aaece4fb1b22f34/Cython-3.0.12-cp313-cp313-manylinux_2_5_i686.manylinux1_i686.manylinux_2_17_i686.manylinux2014_i686.whl", hash = "sha256:36fcd584dae547de6f095500a380f4a0cce72b7a7e409e9ff03cb9beed6ac7a1", size = 3559079 },
    { url = "https://files.pythonhosted.org/packages/d0/d1/1dbf17061229ccd35d5c0eed659fab60c2e50d2eadfa2a5729e753b6f4d0/Cython-3.0.12-cp313-cp313-musllinux_1_2_aarch64.whl", hash = "sha256:62b79dcc0de49efe9e84b9d0e2ae0a6fc9b14691a65565da727aa2e2e63c6a28", size = 3436649 },
    { url = "https://files.pythonhosted.org/packages/2d/d4/9ce42fff6de5550f870cdde9a1482d69ea66a1249a88fa0d0df9adebfb1a/Cython-3.0.12-cp313-cp313-musllinux_1_2_x86_64.whl", hash = "sha256:4aa255781b093a8401109d8f2104bbb2e52de7639d5896aefafddc85c30e0894", size = 3644025 },
    { url = "https://files.pythonhosted.org/packages/e3/89/b0c847f9df92af3ef11281b6811c000bd6f8ce0db02e4374397f8d67f829/Cython-3.0.12-cp313-cp313-win32.whl", hash = "sha256:77d48f2d4bab9fe1236eb753d18f03e8b2619af5b6f05d51df0532a92dfb38ab", size = 2604911 },
    { url = "https://files.pythonhosted.org/packages/a6/5f/bbfaf2b5f7bf78854ecbc82f8473a3892ae5580e0c5bd0d4a82580b39ed3/Cython-3.0.12-cp313-cp313-win_amd64.whl", hash = "sha256:86c304b20bd57c727c7357e90d5ba1a2b6f1c45492de2373814d7745ef2e63b4", size = 2786786 },
    { url = "https://files.pythonhosted.org/packages/27/6b/7c87867d255cbce8167ed99fc65635e9395d2af0f0c915428f5b17ec412d/Cython-3.0.12-py2.py3-none-any.whl", hash = "sha256:0038c9bae46c459669390e53a1ec115f8096b2e4647ae007ff1bf4e6dee92806", size = 1171640 },
]

[[package]]
name = "ikfast"
version = "0.1.0"
source = { editable = "." }
dependencies = [
    { name = "cython" },
    { name = "numpy" },
]

[package.metadata]
requires-dist = [
    { name = "cython", specifier = ">=3.0.12" },
    { name = "numpy", specifier = ">=2.2.3" },
]

[[package]]
name = "numpy"
version = "2.2.3"
source = { registry = "https://pypi.org/simple" }
sdist = { url = "https://files.pythonhosted.org/packages/fb/90/8956572f5c4ae52201fdec7ba2044b2c882832dcec7d5d0922c9e9acf2de/numpy-2.2.3.tar.gz", hash = "sha256:dbdc15f0c81611925f382dfa97b3bd0bc2c1ce19d4fe50482cb0ddc12ba30020", size = 20262700 }
wheels = [
    { url = "https://files.pythonhosted.org/packages/5e/e1/1816d5d527fa870b260a1c2c5904d060caad7515637bd54f495a5ce13ccd/numpy-2.2.3-cp310-cp310-macosx_10_9_x86_64.whl", hash = "sha256:cbc6472e01952d3d1b2772b720428f8b90e2deea8344e854df22b0618e9cce71", size = 21232911 },
    { url = "https://files.pythonhosted.org/packages/29/46/9f25dc19b359f10c0e52b6bac25d3181eb1f4b4d04c9846a32cf5ea52762/numpy-2.2.3-cp310-cp310-macosx_11_0_arm64.whl", hash = "sha256:cdfe0c22692a30cd830c0755746473ae66c4a8f2e7bd508b35fb3b6a0813d787", size = 14371955 },
    { url = "https://files.pythonhosted.org/packages/72/d7/de941296e6b09a5c81d3664ad912f1496a0ecdd2f403318e5e35604ff70f/numpy-2.2.3-cp310-cp310-macosx_14_0_arm64.whl", hash = "sha256:e37242f5324ffd9f7ba5acf96d774f9276aa62a966c0bad8dae692deebec7716", size = 5410476 },
    { url = "https://files.pythonhosted.org/packages/36/ce/55f685995110f8a268fdca0f198c9a84fa87b39512830965cc1087af6391/numpy-2.2.3-cp310-cp310-macosx_14_0_x86_64.whl", hash = "sha256:95172a21038c9b423e68be78fd0be6e1b97674cde269b76fe269a5dfa6fadf0b", size = 6945730 },
    { url = "https://files.pythonhosted.org/packages/4f/84/abdb9f6e22576d89c259401c3234d4755b322539491bbcffadc8bcb120d3/numpy-2.2.3-cp310-cp310-manylinux_2_17_aarch64.manylinux2014_aarch64.whl", hash = "sha256:d5b47c440210c5d1d67e1cf434124e0b5c395eee1f5806fdd89b553ed1acd0a3", size = 14350752 },
    { url = "https://files.pythonhosted.org/packages/e9/88/3870cfa9bef4dffb3a326507f430e6007eeac258ebeef6b76fc542aef66d/numpy-2.2.3-cp310-cp310-manylinux_2_17_x86_64.manylinux2014_x86_64.whl", hash = "sha256:0391ea3622f5c51a2e29708877d56e3d276827ac5447d7f45e9bc4ade8923c52", size = 16399386 },
    { url = "https://files.pythonhosted.org/packages/02/10/3f629682dd0b457525c131945329c4e81e2dadeb11256e6ce4c9a1a6fb41/numpy-2.2.3-cp310-cp310-musllinux_1_2_aarch64.whl", hash = "sha256:f6b3dfc7661f8842babd8ea07e9897fe3d9b69a1d7e5fbb743e4160f9387833b", size = 15561826 },
    { url = "https://files.pythonhosted.org/packages/da/18/fd35673ba9751eba449d4ce5d24d94e3b612cdbfba79348da71488c0b7ac/numpy-2.2.3-cp310-cp310-musllinux_1_2_x86_64.whl", hash = "sha256:1ad78ce7f18ce4e7df1b2ea4019b5817a2f6a8a16e34ff2775f646adce0a5027", size = 18188593 },
    { url = "https://files.pythonhosted.org/packages/ce/4c/c0f897b580ea59484b4cc96a441fea50333b26675a60a1421bc912268b5f/numpy-2.2.3-cp310-cp310-win32.whl", hash = "sha256:5ebeb7ef54a7be11044c33a17b2624abe4307a75893c001a4800857956b41094", size = 6590421 },
    { url = "https://files.pythonhosted.org/packages/e5/5b/aaabbfc7060c5c8f0124c5deb5e114a3b413a548bbc64e372c5b5db36165/numpy-2.2.3-cp310-cp310-win_amd64.whl", hash = "sha256:596140185c7fa113563c67c2e894eabe0daea18cf8e33851738c19f70ce86aeb", size = 12925667 },
    { url = "https://files.pythonhosted.org/packages/96/86/453aa3949eab6ff54e2405f9cb0c01f756f031c3dc2a6d60a1d40cba5488/numpy-2.2.3-cp311-cp311-macosx_10_9_x86_64.whl", hash = "sha256:16372619ee728ed67a2a606a614f56d3eabc5b86f8b615c79d01957062826ca8", size = 21237256 },
    { url = "https://files.pythonhosted.org/packages/20/c3/93ecceadf3e155d6a9e4464dd2392d8d80cf436084c714dc8535121c83e8/numpy-2.2.3-cp311-cp311-macosx_11_0_arm64.whl", hash = "sha256:5521a06a3148686d9269c53b09f7d399a5725c47bbb5b35747e1cb76326b714b", size = 14408049 },
    { url = "https://files.pythonhosted.org/packages/8d/29/076999b69bd9264b8df5e56f2be18da2de6b2a2d0e10737e5307592e01de/numpy-2.2.3-cp311-cp311-macosx_14_0_arm64.whl", hash = "sha256:7c8dde0ca2f77828815fd1aedfdf52e59071a5bae30dac3b4da2a335c672149a", size = 5408655 },
    { url = "https://files.pythonhosted.org/packages/e2/a7/b14f0a73eb0fe77cb9bd5b44534c183b23d4229c099e339c522724b02678/numpy-2.2.3-cp311-cp311-macosx_14_0_x86_64.whl", hash = "sha256:77974aba6c1bc26e3c205c2214f0d5b4305bdc719268b93e768ddb17e3fdd636", size = 6949996 },
    { url = "https://files.pythonhosted.org/packages/72/2f/8063da0616bb0f414b66dccead503bd96e33e43685c820e78a61a214c098/numpy-2.2.3-cp311-cp311-manylinux_2_17_aarch64.manylinux2014_aarch64.whl", hash = "sha256:d42f9c36d06440e34226e8bd65ff065ca0963aeecada587b937011efa02cdc9d", size = 14355789 },
    { url = "https://files.pythonhosted.org/packages/e6/d7/3cd47b00b8ea95ab358c376cf5602ad21871410950bc754cf3284771f8b6/numpy-2.2.3-cp311-cp311-manylinux_2_17_x86_64.manylinux2014_x86_64.whl", hash = "sha256:f2712c5179f40af9ddc8f6727f2bd910ea0eb50206daea75f58ddd9fa3f715bb", size = 16411356 },
    { url = "https://files.pythonhosted.org/packages/27/c0/a2379e202acbb70b85b41483a422c1e697ff7eee74db642ca478de4ba89f/numpy-2.2.3-cp311-cp311-musllinux_1_2_aarch64.whl", hash = "sha256:c8b0451d2ec95010d1db8ca733afc41f659f425b7f608af569711097fd6014e2", size = 15576770 },
    { url = "https://files.pythonhosted.org/packages/bc/63/a13ee650f27b7999e5b9e1964ae942af50bb25606d088df4229283eda779/numpy-2.2.3-cp311-cp311-musllinux_1_2_x86_64.whl", hash = "sha256:d9b4a8148c57ecac25a16b0e11798cbe88edf5237b0df99973687dd866f05e1b", size = 18200483 },
    { url = "https://files.pythonhosted.org/packages/4c/87/e71f89935e09e8161ac9c590c82f66d2321eb163893a94af749dfa8a3cf8/numpy-2.2.3-cp311-cp311-win32.whl", hash = "sha256:1f45315b2dc58d8a3e7754fe4e38b6fce132dab284a92851e41b2b344f6441c5", size = 6588415 },
    { url = "https://files.pythonhosted.org/packages/b9/c6/cd4298729826af9979c5f9ab02fcaa344b82621e7c49322cd2d210483d3f/numpy-2.2.3-cp311-cp311-win_amd64.whl", hash = "sha256:9f48ba6f6c13e5e49f3d3efb1b51c8193215c42ac82610a04624906a9270be6f", size = 12929604 },
    { url = "https://files.pythonhosted.org/packages/43/ec/43628dcf98466e087812142eec6d1c1a6c6bdfdad30a0aa07b872dc01f6f/numpy-2.2.3-cp312-cp312-macosx_10_13_x86_64.whl", hash = "sha256:12c045f43b1d2915eca6b880a7f4a256f59d62df4f044788c8ba67709412128d", size = 20929458 },
    { url = "https://files.pythonhosted.org/packages/9b/c0/2f4225073e99a5c12350954949ed19b5d4a738f541d33e6f7439e33e98e4/numpy-2.2.3-cp312-cp312-macosx_11_0_arm64.whl", hash = "sha256:87eed225fd415bbae787f93a457af7f5990b92a334e346f72070bf569b9c9c95", size = 14115299 },
    { url = "https://files.pythonhosted.org/packages/ca/fa/d2c5575d9c734a7376cc1592fae50257ec95d061b27ee3dbdb0b3b551eb2/numpy-2.2.3-cp312-cp312-macosx_14_0_arm64.whl", hash = "sha256:712a64103d97c404e87d4d7c47fb0c7ff9acccc625ca2002848e0d53288b90ea", size = 5145723 },
    { url = "https://files.pythonhosted.org/packages/eb/dc/023dad5b268a7895e58e791f28dc1c60eb7b6c06fcbc2af8538ad069d5f3/numpy-2.2.3-cp312-cp312-macosx_14_0_x86_64.whl", hash = "sha256:a5ae282abe60a2db0fd407072aff4599c279bcd6e9a2475500fc35b00a57c532", size = 6678797 },
    { url = "https://files.pythonhosted.org/packages/3f/19/bcd641ccf19ac25abb6fb1dcd7744840c11f9d62519d7057b6ab2096eb60/numpy-2.2.3-cp312-cp312-manylinux_2_17_aarch64.manylinux2014_aarch64.whl", hash = "sha256:5266de33d4c3420973cf9ae3b98b54a2a6d53a559310e3236c4b2b06b9c07d4e", size = 14067362 },
    { url = "https://files.pythonhosted.org/packages/39/04/78d2e7402fb479d893953fb78fa7045f7deb635ec095b6b4f0260223091a/numpy-2.2.3-cp312-cp312-manylinux_2_17_x86_64.manylinux2014_x86_64.whl", hash = "sha256:3b787adbf04b0db1967798dba8da1af07e387908ed1553a0d6e74c084d1ceafe", size = 16116679 },
    { url = "https://files.pythonhosted.org/packages/d0/a1/e90f7aa66512be3150cb9d27f3d9995db330ad1b2046474a13b7040dfd92/numpy-2.2.3-cp312-cp312-musllinux_1_2_aarch64.whl", hash = "sha256:34c1b7e83f94f3b564b35f480f5652a47007dd91f7c839f404d03279cc8dd021", size = 15264272 },
    { url = "https://files.pythonhosted.org/packages/dc/b6/50bd027cca494de4fa1fc7bf1662983d0ba5f256fa0ece2c376b5eb9b3f0/numpy-2.2.3-cp312-cp312-musllinux_1_2_x86_64.whl", hash = "sha256:4d8335b5f1b6e2bce120d55fb17064b0262ff29b459e8493d1785c18ae2553b8", size = 17880549 },
    { url = "https://files.pythonhosted.org/packages/96/30/f7bf4acb5f8db10a96f73896bdeed7a63373137b131ca18bd3dab889db3b/numpy-2.2.3-cp312-cp312-win32.whl", hash = "sha256:4d9828d25fb246bedd31e04c9e75714a4087211ac348cb39c8c5f99dbb6683fe", size = 6293394 },
    { url = "https://files.pythonhosted.org/packages/42/6e/55580a538116d16ae7c9aa17d4edd56e83f42126cb1dfe7a684da7925d2c/numpy-2.2.3-cp312-cp312-win_amd64.whl", hash = "sha256:83807d445817326b4bcdaaaf8e8e9f1753da04341eceec705c001ff342002e5d", size = 12626357 },
    { url = "https://files.pythonhosted.org/packages/0e/8b/88b98ed534d6a03ba8cddb316950fe80842885709b58501233c29dfa24a9/numpy-2.2.3-cp313-cp313-macosx_10_13_x86_64.whl", hash = "sha256:7bfdb06b395385ea9b91bf55c1adf1b297c9fdb531552845ff1d3ea6e40d5aba", size = 20916001 },
    { url = "https://files.pythonhosted.org/packages/d9/b4/def6ec32c725cc5fbd8bdf8af80f616acf075fe752d8a23e895da8c67b70/numpy-2.2.3-cp313-cp313-macosx_11_0_arm64.whl", hash = "sha256:23c9f4edbf4c065fddb10a4f6e8b6a244342d95966a48820c614891e5059bb50", size = 14130721 },
    { url = "https://files.pythonhosted.org/packages/20/60/70af0acc86495b25b672d403e12cb25448d79a2b9658f4fc45e845c397a8/numpy-2.2.3-cp313-cp313-macosx_14_0_arm64.whl", hash = "sha256:a0c03b6be48aaf92525cccf393265e02773be8fd9551a2f9adbe7db1fa2b60f1", size = 5130999 },
    { url = "https://files.pythonhosted.org/packages/2e/69/d96c006fb73c9a47bcb3611417cf178049aae159afae47c48bd66df9c536/numpy-2.2.3-cp313-cp313-macosx_14_0_x86_64.whl", hash = "sha256:2376e317111daa0a6739e50f7ee2a6353f768489102308b0d98fcf4a04f7f3b5", size = 6665299 },
    { url = "https://files.pythonhosted.org/packages/5a/3f/d8a877b6e48103733ac224ffa26b30887dc9944ff95dffdfa6c4ce3d7df3/numpy-2.2.3-cp313-cp313-manylinux_2_17_aarch64.manylinux2014_aarch64.whl", hash = "sha256:8fb62fe3d206d72fe1cfe31c4a1106ad2b136fcc1606093aeab314f02930fdf2", size = 14064096 },
    { url = "https://files.pythonhosted.org/packages/e4/43/619c2c7a0665aafc80efca465ddb1f260287266bdbdce517396f2f145d49/numpy-2.2.3-cp313-cp313-manylinux_2_17_x86_64.manylinux2014_x86_64.whl", hash = "sha256:52659ad2534427dffcc36aac76bebdd02b67e3b7a619ac67543bc9bfe6b7cdb1", size = 16114758 },
    { url = "https://files.pythonhosted.org/packages/d9/79/ee4fe4f60967ccd3897aa71ae14cdee9e3c097e3256975cc9575d393cb42/numpy-2.2.3-cp313-cp313-musllinux_1_2_aarch64.whl", hash = "sha256:1b416af7d0ed3271cad0f0a0d0bee0911ed7eba23e66f8424d9f3dfcdcae1304", size = 15259880 },
    { url = "https://files.pythonhosted.org/packages/fb/c8/8b55cf05db6d85b7a7d414b3d1bd5a740706df00bfa0824a08bf041e52ee/numpy-2.2.3-cp313-cp313-musllinux_1_2_x86_64.whl", hash = "sha256:1402da8e0f435991983d0a9708b779f95a8c98c6b18a171b9f1be09005e64d9d", size = 17876721 },
    { url = "https://files.pythonhosted.org/packages/21/d6/b4c2f0564b7dcc413117b0ffbb818d837e4b29996b9234e38b2025ed24e7/numpy-2.2.3-cp313-cp313-win32.whl", hash = "sha256:136553f123ee2951bfcfbc264acd34a2fc2f29d7cdf610ce7daf672b6fbaa693", size = 6290195 },
    { url = "https://files.pythonhosted.org/packages/97/e7/7d55a86719d0de7a6a597949f3febefb1009435b79ba510ff32f05a8c1d7/numpy-2.2.3-cp313-cp313-win_amd64.whl", hash = "sha256:5b732c8beef1d7bc2d9e476dbba20aaff6167bf205ad9aa8d30913859e82884b", size = 12619013 },
    { url = "https://files.pythonhosted.org/packages/a6/1f/0b863d5528b9048fd486a56e0b97c18bf705e88736c8cea7239012119a54/numpy-2.2.3-cp313-cp313t-macosx_10_13_x86_64.whl", hash = "sha256:435e7a933b9fda8126130b046975a968cc2d833b505475e588339e09f7672890", size = 20944621 },
    { url = "https://files.pythonhosted.org/packages/aa/99/b478c384f7a0a2e0736177aafc97dc9152fc036a3fdb13f5a3ab225f1494/numpy-2.2.3-cp313-cp313t-macosx_11_0_arm64.whl", hash = "sha256:7678556eeb0152cbd1522b684dcd215250885993dd00adb93679ec3c0e6e091c", size = 14142502 },
    { url = "https://files.pythonhosted.org/packages/fb/61/2d9a694a0f9cd0a839501d362de2a18de75e3004576a3008e56bdd60fcdb/numpy-2.2.3-cp313-cp313t-macosx_14_0_arm64.whl", hash = "sha256:2e8da03bd561504d9b20e7a12340870dfc206c64ea59b4cfee9fceb95070ee94", size = 5176293 },
    { url = "https://files.pythonhosted.org/packages/33/35/51e94011b23e753fa33f891f601e5c1c9a3d515448659b06df9d40c0aa6e/numpy-2.2.3-cp313-cp313t-macosx_14_0_x86_64.whl", hash = "sha256:c9aa4496fd0e17e3843399f533d62857cef5900facf93e735ef65aa4bbc90ef0", size = 6691874 },
    { url = "https://files.pythonhosted.org/packages/ff/cf/06e37619aad98a9d03bd8d65b8e3041c3a639be0f5f6b0a0e2da544538d4/numpy-2.2.3-cp313-cp313t-manylinux_2_17_aarch64.manylinux2014_aarch64.whl", hash = "sha256:f4ca91d61a4bf61b0f2228f24bbfa6a9facd5f8af03759fe2a655c50ae2c6610", size = 14036826 },
    { url = "https://files.pythonhosted.org/packages/0c/93/5d7d19955abd4d6099ef4a8ee006f9ce258166c38af259f9e5558a172e3e/numpy-2.2.3-cp313-cp313t-manylinux_2_17_x86_64.manylinux2014_x86_64.whl", hash = "sha256:deaa09cd492e24fd9b15296844c0ad1b3c976da7907e1c1ed3a0ad21dded6f76", size = 16096567 },
    { url = "https://files.pythonhosted.org/packages/af/53/d1c599acf7732d81f46a93621dab6aa8daad914b502a7a115b3f17288ab2/numpy-2.2.3-cp313-cp313t-musllinux_1_2_aarch64.whl", hash = "sha256:246535e2f7496b7ac85deffe932896a3577be7af8fb7eebe7146444680297e9a", size = 15242514 },
    { url = "https://files.pythonhosted.org/packages/53/43/c0f5411c7b3ea90adf341d05ace762dad8cb9819ef26093e27b15dd121ac/numpy-2.2.3-cp313-cp313t-musllinux_1_2_x86_64.whl", hash = "sha256:daf43a3d1ea699402c5a850e5313680ac355b4adc9770cd5cfc2940e7861f1bf", size = 17872920 },
    { url = "https://files.pythonhosted.org/packages/5b/57/6dbdd45ab277aff62021cafa1e15f9644a52f5b5fc840bc7591b4079fb58/numpy-2.2.3-cp313-cp313t-win32.whl", hash = "sha256:cf802eef1f0134afb81fef94020351be4fe1d6681aadf9c5e862af6602af64ef", size = 6346584 },
    { url = "https://files.pythonhosted.org/packages/97/9b/484f7d04b537d0a1202a5ba81c6f53f1846ae6c63c2127f8df869ed31342/numpy-2.2.3-cp313-cp313t-win_amd64.whl", hash = "sha256:aee2512827ceb6d7f517c8b85aa5d3923afe8fc7a57d028cffcd522f1c6fd082", size = 12706784 },
    { url = "https://files.pythonhosted.org/packages/0a/b5/a7839f5478be8f859cb880f13d90fcfe4b0ec7a9ebaff2bcc30d96760596/numpy-2.2.3-pp310-pypy310_pp73-macosx_10_15_x86_64.whl", hash = "sha256:3c2ec8a0f51d60f1e9c0c5ab116b7fc104b165ada3f6c58abf881cb2eb16044d", size = 21064244 },
    { url = "https://files.pythonhosted.org/packages/29/e8/5da32ffcaa7a72f7ecd82f90c062140a061eb823cb88e90279424e515cf4/numpy-2.2.3-pp310-pypy310_pp73-macosx_14_0_x86_64.whl", hash = "sha256:ed2cf9ed4e8ebc3b754d398cba12f24359f018b416c380f577bbae112ca52fc9", size = 6809418 },
    { url = "https://files.pythonhosted.org/packages/a8/a9/68aa7076c7656a7308a0f73d0a2ced8c03f282c9fd98fa7ce21c12634087/numpy-2.2.3-pp310-pypy310_pp73-manylinux_2_17_x86_64.manylinux2014_x86_64.whl", hash = "sha256:39261798d208c3095ae4f7bc8eaeb3481ea8c6e03dc48028057d3cbdbdb8937e", size = 16215461 },
    { url = "https://files.pythonhosted.org/packages/17/7f/d322a4125405920401450118dbdc52e0384026bd669939484670ce8b2ab9/numpy-2.2.3-pp310-pypy310_pp73-win_amd64.whl", hash = "sha256:783145835458e60fa97afac25d511d00a1eca94d4a8f3ace9fe2043003c678e4", size = 12839607 },
]
